// !$*UTF8*$!
{
	archiveVersion = 1;
	classes = {
	};
	objectVersion = 56;
	objects = {

/* Begin PBXBuildFile section */
		18BCADCF2B5C1B4100BF215B /* AppDelegate.swift in Sources */ = {isa = PBXBuildFile; fileRef = 18BCADCE2B5C1B4100BF215B /* AppDelegate.swift */; };
		18BCADD12B5C1B4100BF215B /* SceneDelegate.swift in Sources */ = {isa = PBXBuildFile; fileRef = 18BCADD02B5C1B4100BF215B /* SceneDelegate.swift */; };
		18BCADD32B5C1B4100BF215B /* ViewController.swift in Sources */ = {isa = PBXBuildFile; fileRef = 18BCADD22B5C1B4100BF215B /* ViewController.swift */; };
		18BCADD62B5C1B4100BF215B /* Main.storyboard in Resources */ = {isa = PBXBuildFile; fileRef = 18BCADD42B5C1B4100BF215B /* Main.storyboard */; };
		18BCADD82B5C1B4300BF215B /* Assets.xcassets in Resources */ = {isa = PBXBuildFile; fileRef = 18BCADD72B5C1B4300BF215B /* Assets.xcassets */; };
		18BCADDB2B5C1B4300BF215B /* LaunchScreen.storyboard in Resources */ = {isa = PBXBuildFile; fileRef = 18BCADD92B5C1B4300BF215B /* LaunchScreen.storyboard */; };
		18D1C7F02B5F9C4E0013E424 /* AuthManager.swift in Sources */ = {isa = PBXBuildFile; fileRef = 18D1C7EF2B5F9C4E0013E424 /* AuthManager.swift */; };
		18D1C7F72B5FE0340013E424 /* KakaoAuth.swift in Sources */ = {isa = PBXBuildFile; fileRef = 18D1C7F62B5FE0340013E424 /* KakaoAuth.swift */; };
		18D1C7F92B5FE03B0013E424 /* GoogleAuth.swift in Sources */ = {isa = PBXBuildFile; fileRef = 18D1C7F82B5FE03B0013E424 /* GoogleAuth.swift */; };
		18D1C7FB2B5FE0420013E424 /* Auth.swift in Sources */ = {isa = PBXBuildFile; fileRef = 18D1C7FA2B5FE0420013E424 /* Auth.swift */; };
/* End PBXBuildFile section */

/* Begin PBXFileReference section */
		18BCADCB2B5C1B4100BF215B /* AuthBoilerplate.app */ = {isa = PBXFileReference; explicitFileType = wrapper.application; includeInIndex = 0; path = AuthBoilerplate.app; sourceTree = BUILT_PRODUCTS_DIR; };
		18BCADCE2B5C1B4100BF215B /* AppDelegate.swift */ = {isa = PBXFileReference; lastKnownFileType = sourcecode.swift; path = AppDelegate.swift; sourceTree = "<group>"; };
		18BCADD02B5C1B4100BF215B /* SceneDelegate.swift */ = {isa = PBXFileReference; lastKnownFileType = sourcecode.swift; path = SceneDelegate.swift; sourceTree = "<group>"; };
		18BCADD22B5C1B4100BF215B /* ViewController.swift */ = {isa = PBXFileReference; lastKnownFileType = sourcecode.swift; path = ViewController.swift; sourceTree = "<group>"; };
		18BCADD52B5C1B4100BF215B /* Base */ = {isa = PBXFileReference; lastKnownFileType = file.storyboard; name = Base; path = Base.lproj/Main.storyboard; sourceTree = "<group>"; };
		18BCADD72B5C1B4300BF215B /* Assets.xcassets */ = {isa = PBXFileReference; lastKnownFileType = folder.assetcatalog; path = Assets.xcassets; sourceTree = "<group>"; };
		18BCADDA2B5C1B4300BF215B /* Base */ = {isa = PBXFileReference; lastKnownFileType = file.storyboard; name = Base; path = Base.lproj/LaunchScreen.storyboard; sourceTree = "<group>"; };
		18BCADDC2B5C1B4300BF215B /* Info.plist */ = {isa = PBXFileReference; lastKnownFileType = text.plist.xml; path = Info.plist; sourceTree = "<group>"; };
		18D1C7EF2B5F9C4E0013E424 /* AuthManager.swift */ = {isa = PBXFileReference; lastKnownFileType = sourcecode.swift; path = AuthManager.swift; sourceTree = "<group>"; };
		18D1C7F62B5FE0340013E424 /* KakaoAuth.swift */ = {isa = PBXFileReference; lastKnownFileType = sourcecode.swift; path = KakaoAuth.swift; sourceTree = "<group>"; };
		18D1C7F82B5FE03B0013E424 /* GoogleAuth.swift */ = {isa = PBXFileReference; lastKnownFileType = sourcecode.swift; path = GoogleAuth.swift; sourceTree = "<group>"; };
		18D1C7FA2B5FE0420013E424 /* Auth.swift */ = {isa = PBXFileReference; lastKnownFileType = sourcecode.swift; path = Auth.swift; sourceTree = "<group>"; };
/* End PBXFileReference section */

/* Begin PBXFrameworksBuildPhase section */
		18BCADC82B5C1B4100BF215B /* Frameworks */ = {
			isa = PBXFrameworksBuildPhase;
			buildActionMask = 2147483647;
			files = (
			);
			runOnlyForDeploymentPostprocessing = 0;
		};
/* End PBXFrameworksBuildPhase section */

/* Begin PBXGroup section */
		18BCADC22B5C1B4100BF215B = {
			isa = PBXGroup;
			children = (
				18BCADCD2B5C1B4100BF215B /* AuthBoilerplate */,
				18BCADCC2B5C1B4100BF215B /* Products */,
			);
			sourceTree = "<group>";
		};
		18BCADCC2B5C1B4100BF215B /* Products */ = {
			isa = PBXGroup;
			children = (
				18BCADCB2B5C1B4100BF215B /* AuthBoilerplate.app */,
			);
			name = Products;
			sourceTree = "<group>";
		};
		18BCADCD2B5C1B4100BF215B /* AuthBoilerplate */ = {
			isa = PBXGroup;
			children = (
				18D1C8002B60139E0013E424 /* Auth */,
				18BCADCE2B5C1B4100BF215B /* AppDelegate.swift */,
				18BCADD02B5C1B4100BF215B /* SceneDelegate.swift */,
				18BCADD22B5C1B4100BF215B /* ViewController.swift */,
				18BCADD42B5C1B4100BF215B /* Main.storyboard */,
				18BCADD72B5C1B4300BF215B /* Assets.xcassets */,
				18BCADD92B5C1B4300BF215B /* LaunchScreen.storyboard */,
				18BCADDC2B5C1B4300BF215B /* Info.plist */,
			);
			path = AuthBoilerplate;
			sourceTree = "<group>";
		};
		18D1C8002B60139E0013E424 /* Auth */ = {
			isa = PBXGroup;
			children = (
				18D1C7FA2B5FE0420013E424 /* Auth.swift */,
				18D1C7EF2B5F9C4E0013E424 /* AuthManager.swift */,
				18D1C7F82B5FE03B0013E424 /* GoogleAuth.swift */,
				18D1C7F62B5FE0340013E424 /* KakaoAuth.swift */,
			);
			path = Auth;
			sourceTree = "<group>";
		};
/* End PBXGroup section */

/* Begin PBXNativeTarget section */
		18BCADCA2B5C1B4100BF215B /* AuthBoilerplate */ = {
			isa = PBXNativeTarget;
			buildConfigurationList = 18BCADDF2B5C1B4300BF215B /* Build configuration list for PBXNativeTarget "AuthBoilerplate" */;
			buildPhases = (
				18BCADC72B5C1B4100BF215B /* Sources */,
				18BCADC82B5C1B4100BF215B /* Frameworks */,
				18BCADC92B5C1B4100BF215B /* Resources */,
			);
			buildRules = (
			);
			dependencies = (
			);
			name = AuthBoilerplate;
			packageProductDependencies = (
			);
			productName = AuthBoilerplate;
			productReference = 18BCADCB2B5C1B4100BF215B /* AuthBoilerplate.app */;
			productType = "com.apple.product-type.application";
		};
/* End PBXNativeTarget section */

/* Begin PBXProject section */
		18BCADC32B5C1B4100BF215B /* Project object */ = {
			isa = PBXProject;
			attributes = {
				BuildIndependentTargetsInParallel = 1;
				LastSwiftUpdateCheck = 1430;
				LastUpgradeCheck = 1430;
				TargetAttributes = {
					18BCADCA2B5C1B4100BF215B = {
						CreatedOnToolsVersion = 14.3.1;
					};
				};
			};
			buildConfigurationList = 18BCADC62B5C1B4100BF215B /* Build configuration list for PBXProject "AuthBoilerplate" */;
			compatibilityVersion = "Xcode 14.0";
			developmentRegion = en;
			hasScannedForEncodings = 0;
			knownRegions = (
				en,
				Base,
			);
			mainGroup = 18BCADC22B5C1B4100BF215B;
			packageReferences = (
			);
			productRefGroup = 18BCADCC2B5C1B4100BF215B /* Products */;
			projectDirPath = "";
			projectRoot = "";
			targets = (
				18BCADCA2B5C1B4100BF215B /* AuthBoilerplate */,
			);
		};
/* End PBXProject section */

/* Begin PBXResourcesBuildPhase section */
		18BCADC92B5C1B4100BF215B /* Resources */ = {
			isa = PBXResourcesBuildPhase;
			buildActionMask = 2147483647;
			files = (
				18BCADDB2B5C1B4300BF215B /* LaunchScreen.storyboard in Resources */,
				18BCADD82B5C1B4300BF215B /* Assets.xcassets in Resources */,
				18BCADD62B5C1B4100BF215B /* Main.storyboard in Resources */,
			);
			runOnlyForDeploymentPostprocessing = 0;
		};
/* End PBXResourcesBuildPhase section */

/* Begin PBXSourcesBuildPhase section */
		18BCADC72B5C1B4100BF215B /* Sources */ = {
			isa = PBXSourcesBuildPhase;
			buildActionMask = 2147483647;
			files = (
				18BCADD32B5C1B4100BF215B /* ViewController.swift in Sources */,
				18BCADCF2B5C1B4100BF215B /* AppDelegate.swift in Sources */,
				18D1C7F72B5FE0340013E424 /* KakaoAuth.swift in Sources */,
				18D1C7F92B5FE03B0013E424 /* GoogleAuth.swift in Sources */,
				18BCADD12B5C1B4100BF215B /* SceneDelegate.swift in Sources */,
				18D1C7F02B5F9C4E0013E424 /* AuthManager.swift in Sources */,
				18D1C7FB2B5FE0420013E424 /* Auth.swift in Sources */,
			);
			runOnlyForDeploymentPostprocessing = 0;
		};
/* End PBXSourcesBuildPhase section */

/* Begin PBXVariantGroup section */
		18BCADD42B5C1B4100BF215B /* Main.storyboard */ = {
			isa = PBXVariantGroup;
			children = (
				18BCADD52B5C1B4100BF215B /* Base */,
			);
			name = Main.storyboard;
			sourceTree = "<group>";
		};
		18BCADD92B5C1B4300BF215B /* LaunchScreen.storyboard */ = {
			isa = PBXVariantGroup;
			children = (
				18BCADDA2B5C1B4300BF215B /* Base */,
			);
			name = LaunchScreen.storyboard;
			sourceTree = "<group>";
		};
/* End PBXVariantGroup section */

/* Begin XCBuildConfiguration section */
		18BCADDD2B5C1B4300BF215B /* Debug */ = {
			isa = XCBuildConfiguration;
			buildSettings = {
				ALWAYS_SEARCH_USER_PATHS = NO;
				CLANG_ANALYZER_NONNULL = YES;
				CLANG_ANALYZER_NUMBER_OBJECT_CONVERSION = YES_AGGRESSIVE;
				CLANG_CXX_LANGUAGE_STANDARD = "gnu++20";
				CLANG_ENABLE_MODULES = YES;
				CLANG_ENABLE_OBJC_ARC = YES;
				CLANG_ENABLE_OBJC_WEAK = YES;
				CLANG_WARN_BLOCK_CAPTURE_AUTORELEASING = YES;
				CLANG_WARN_BOOL_CONVERSION = YES;
				CLANG_WARN_COMMA = YES;
				CLANG_WARN_CONSTANT_CONVERSION = YES;
				CLANG_WARN_DEPRECATED_OBJC_IMPLEMENTATIONS = YES;
				CLANG_WARN_DIRECT_OBJC_ISA_USAGE = YES_ERROR;
				CLANG_WARN_DOCUMENTATION_COMMENTS = YES;
				CLANG_WARN_EMPTY_BODY = YES;
				CLANG_WARN_ENUM_CONVERSION = YES;
				CLANG_WARN_INFINITE_RECURSION = YES;
				CLANG_WARN_INT_CONVERSION = YES;
				CLANG_WARN_NON_LITERAL_NULL_CONVERSION = YES;
				CLANG_WARN_OBJC_IMPLICIT_RETAIN_SELF = YES;
				CLANG_WARN_OBJC_LITERAL_CONVERSION = YES;
				CLANG_WARN_OBJC_ROOT_CLASS = YES_ERROR;
				CLANG_WARN_QUOTED_INCLUDE_IN_FRAMEWORK_HEADER = YES;
				CLANG_WARN_RANGE_LOOP_ANALYSIS = YES;
				CLANG_WARN_STRICT_PROTOTYPES = YES;
				CLANG_WARN_SUSPICIOUS_MOVE = YES;
				CLANG_WARN_UNGUARDED_AVAILABILITY = YES_AGGRESSIVE;
				CLANG_WARN_UNREACHABLE_CODE = YES;
				CLANG_WARN__DUPLICATE_METHOD_MATCH = YES;
				COPY_PHASE_STRIP = NO;
				DEBUG_INFORMATION_FORMAT = dwarf;
				ENABLE_STRICT_OBJC_MSGSEND = YES;
				ENABLE_TESTABILITY = YES;
				GCC_C_LANGUAGE_STANDARD = gnu11;
				GCC_DYNAMIC_NO_PIC = NO;
				GCC_NO_COMMON_BLOCKS = YES;
				GCC_OPTIMIZATION_LEVEL = 0;
				GCC_PREPROCESSOR_DEFINITIONS = (
					"DEBUG=1",
					"$(inherited)",
				);
				GCC_WARN_64_TO_32_BIT_CONVERSION = YES;
				GCC_WARN_ABOUT_RETURN_TYPE = YES_ERROR;
				GCC_WARN_UNDECLARED_SELECTOR = YES;
				GCC_WARN_UNINITIALIZED_AUTOS = YES_AGGRESSIVE;
				GCC_WARN_UNUSED_FUNCTION = YES;
				GCC_WARN_UNUSED_VARIABLE = YES;
				IPHONEOS_DEPLOYMENT_TARGET = 13.0;
				MTL_ENABLE_DEBUG_INFO = INCLUDE_SOURCE;
				MTL_FAST_MATH = YES;
				ONLY_ACTIVE_ARCH = YES;
				SDKROOT = iphoneos;
				SWIFT_ACTIVE_COMPILATION_CONDITIONS = DEBUG;
				SWIFT_OPTIMIZATION_LEVEL = "-Onone";
			};
			name = Debug;
		};
		18BCADDE2B5C1B4300BF215B /* Release */ = {
			isa = XCBuildConfiguration;
			buildSettings = {
				ALWAYS_SEARCH_USER_PATHS = NO;
				CLANG_ANALYZER_NONNULL = YES;
				CLANG_ANALYZER_NUMBER_OBJECT_CONVERSION = YES_AGGRESSIVE;
				CLANG_CXX_LANGUAGE_STANDARD = "gnu++20";
				CLANG_ENABLE_MODULES = YES;
				CLANG_ENABLE_OBJC_ARC = YES;
				CLANG_ENABLE_OBJC_WEAK = YES;
				CLANG_WARN_BLOCK_CAPTURE_AUTORELEASING = YES;
				CLANG_WARN_BOOL_CONVERSION = YES;
				CLANG_WARN_COMMA = YES;
				CLANG_WARN_CONSTANT_CONVERSION = YES;
				CLANG_WARN_DEPRECATED_OBJC_IMPLEMENTATIONS = YES;
				CLANG_WARN_DIRECT_OBJC_ISA_USAGE = YES_ERROR;
				CLANG_WARN_DOCUMENTATION_COMMENTS = YES;
				CLANG_WARN_EMPTY_BODY = YES;
				CLANG_WARN_ENUM_CONVERSION = YES;
				CLANG_WARN_INFINITE_RECURSION = YES;
				CLANG_WARN_INT_CONVERSION = YES;
				CLANG_WARN_NON_LITERAL_NULL_CONVERSION = YES;
				CLANG_WARN_OBJC_IMPLICIT_RETAIN_SELF = YES;
				CLANG_WARN_OBJC_LITERAL_CONVERSION = YES;
				CLANG_WARN_OBJC_ROOT_CLASS = YES_ERROR;
				CLANG_WARN_QUOTED_INCLUDE_IN_FRAMEWORK_HEADER = YES;
				CLANG_WARN_RANGE_LOOP_ANALYSIS = YES;
				CLANG_WARN_STRICT_PROTOTYPES = YES;
				CLANG_WARN_SUSPICIOUS_MOVE = YES;
				CLANG_WARN_UNGUARDED_AVAILABILITY = YES_AGGRESSIVE;
				CLANG_WARN_UNREACHABLE_CODE = YES;
				CLANG_WARN__DUPLICATE_METHOD_MATCH = YES;
				COPY_PHASE_STRIP = NO;
				DEBUG_INFORMATION_FORMAT = "dwarf-with-dsym";
				ENABLE_NS_ASSERTIONS = NO;
				ENABLE_STRICT_OBJC_MSGSEND = YES;
				GCC_C_LANGUAGE_STANDARD = gnu11;
				GCC_NO_COMMON_BLOCKS = YES;
				GCC_WARN_64_TO_32_BIT_CONVERSION = YES;
				GCC_WARN_ABOUT_RETURN_TYPE = YES_ERROR;
				GCC_WARN_UNDECLARED_SELECTOR = YES;
				GCC_WARN_UNINITIALIZED_AUTOS = YES_AGGRESSIVE;
				GCC_WARN_UNUSED_FUNCTION = YES;
				GCC_WARN_UNUSED_VARIABLE = YES;
				IPHONEOS_DEPLOYMENT_TARGET = 13.0;
				MTL_ENABLE_DEBUG_INFO = NO;
				MTL_FAST_MATH = YES;
				SDKROOT = iphoneos;
				SWIFT_COMPILATION_MODE = wholemodule;
				SWIFT_OPTIMIZATION_LEVEL = "-O";
				VALIDATE_PRODUCT = YES;
			};
			name = Release;
		};
		18BCADE02B5C1B4300BF215B /* Debug */ = {
			isa = XCBuildConfiguration;
			buildSettings = {
				ASSETCATALOG_COMPILER_APPICON_NAME = AppIcon;
				ASSETCATALOG_COMPILER_GLOBAL_ACCENT_COLOR_NAME = AccentColor;
				CODE_SIGN_STYLE = Automatic;
				CURRENT_PROJECT_VERSION = 1;
				DEVELOPMENT_TEAM = 2YK85BG576;
				GENERATE_INFOPLIST_FILE = YES;
				INFOPLIST_FILE = AuthBoilerplate/Info.plist;
				INFOPLIST_KEY_UIApplicationSupportsIndirectInputEvents = YES;
				INFOPLIST_KEY_UILaunchStoryboardName = LaunchScreen;
				INFOPLIST_KEY_UIMainStoryboardFile = Main;
				INFOPLIST_KEY_UISupportedInterfaceOrientations_iPad = "UIInterfaceOrientationPortrait UIInterfaceOrientationPortraitUpsideDown UIInterfaceOrientationLandscapeLeft UIInterfaceOrientationLandscapeRight";
				INFOPLIST_KEY_UISupportedInterfaceOrientations_iPhone = "UIInterfaceOrientationPortrait UIInterfaceOrientationLandscapeLeft UIInterfaceOrientationLandscapeRight";
				IPHONEOS_DEPLOYMENT_TARGET = 13.0;
				LD_RUNPATH_SEARCH_PATHS = (
					"$(inherited)",
					"@executable_path/Frameworks",
				);
				MARKETING_VERSION = 1.0;
				PRODUCT_BUNDLE_IDENTIFIER = KD.AuthBoilerplate;
				PRODUCT_NAME = "$(TARGET_NAME)";
				SWIFT_EMIT_LOC_STRINGS = YES;
				SWIFT_VERSION = 5.0;
				TARGETED_DEVICE_FAMILY = "1,2";
			};
			name = Debug;
		};
		18BCADE12B5C1B4300BF215B /* Release */ = {
			isa = XCBuildConfiguration;
			buildSettings = {
				ASSETCATALOG_COMPILER_APPICON_NAME = AppIcon;
				ASSETCATALOG_COMPILER_GLOBAL_ACCENT_COLOR_NAME = AccentColor;
				CODE_SIGN_STYLE = Automatic;
				CURRENT_PROJECT_VERSION = 1;
				DEVELOPMENT_TEAM = 2YK85BG576;
				GENERATE_INFOPLIST_FILE = YES;
				INFOPLIST_FILE = AuthBoilerplate/Info.plist;
				INFOPLIST_KEY_UIApplicationSupportsIndirectInputEvents = YES;
				INFOPLIST_KEY_UILaunchStoryboardName = LaunchScreen;
				INFOPLIST_KEY_UIMainStoryboardFile = Main;
				INFOPLIST_KEY_UISupportedInterfaceOrientations_iPad = "UIInterfaceOrientationPortrait UIInterfaceOrientationPortraitUpsideDown UIInterfaceOrientationLandscapeLeft UIInterfaceOrientationLandscapeRight";
				INFOPLIST_KEY_UISupportedInterfaceOrientations_iPhone = "UIInterfaceOrientationPortrait UIInterfaceOrientationLandscapeLeft UIInterfaceOrientationLandscapeRight";
				IPHONEOS_DEPLOYMENT_TARGET = 13.0;
				LD_RUNPATH_SEARCH_PATHS = (
					"$(inherited)",
					"@executable_path/Frameworks",
				);
				MARKETING_VERSION = 1.0;
				PRODUCT_BUNDLE_IDENTIFIER = KD.AuthBoilerplate;
				PRODUCT_NAME = "$(TARGET_NAME)";
				SWIFT_EMIT_LOC_STRINGS = YES;
				SWIFT_VERSION = 5.0;
				TARGETED_DEVICE_FAMILY = "1,2";
			};
			name = Release;
		};
/* End XCBuildConfiguration section */

/* Begin XCConfigurationList section */
		18BCADC62B5C1B4100BF215B /* Build configuration list for PBXProject "AuthBoilerplate" */ = {
			isa = XCConfigurationList;
			buildConfigurations = (
				18BCADDD2B5C1B4300BF215B /* Debug */,
				18BCADDE2B5C1B4300BF215B /* Release */,
			);
			defaultConfigurationIsVisible = 0;
			defaultConfigurationName = Release;
		};
		18BCADDF2B5C1B4300BF215B /* Build configuration list for PBXNativeTarget "AuthBoilerplate" */ = {
			isa = XCConfigurationList;
			buildConfigurations = (
				18BCADE02B5C1B4300BF215B /* Debug */,
				18BCADE12B5C1B4300BF215B /* Release */,
			);
			defaultConfigurationIsVisible = 0;
			defaultConfigurationName = Release;
		};
/* End XCConfigurationList section */
	};
	rootObject = 18BCADC32B5C1B4100BF215B /* Project object */;
}
